
Microsoft Visual Studio Solution File, Format Version 12.00
# Visual Studio Version 17
VisualStudioVersion = 17.8.34511.84
MinimumVisualStudioVersion = 10.0.40219.1
Project("{FAE04EC0-301F-11D3-BF4B-00C04F79EFBC}") = "ATV2_CJ3022048", "ATV2_CJ3022048\ATV2_CJ3022048.csproj", "{2FA8B513-E062-4206-BB1B-F707B74AEE4A}"
EndProject
Global
	GlobalSection(SolutionConfigurationPlatforms) = preSolution
		Debug|Any CPU = Debug|Any CPU
		Release|Any CPU = Release|Any CPU
	EndGlobalSection
	GlobalSection(ProjectConfigurationPlatforms) = postSolution
		{2FA8B513-E062-4206-BB1B-F707B74AEE4A}.Debug|Any CPU.ActiveCfg = Debug|Any CPU
		{2FA8B513-E062-4206-BB1B-F707B74AEE4A}.Debug|Any CPU.Build.0 = Debug|Any CPU
		{2FA8B513-E062-4206-BB1B-F707B74AEE4A}.Release|Any CPU.ActiveCfg = Release|Any CPU
		{2FA8B513-E062-4206-BB1B-F707B74AEE4A}.Release|Any CPU.Build.0 = Release|Any CPU
	EndGlobalSection
	GlobalSection(SolutionProperties) = preSolution
		HideSolutionNode = FALSE
	EndGlobalSection
	GlobalSection(ExtensibilityGlobals) = postSolution
		SolutionGuid = {34A64520-0B89-4761-8610-B36937E28FFA}
	EndGlobalSection
EndGlobal
